{
  "name": "uni-evideo",
  "lockfileVersion": 2,
  "requires": true,
  "packages": {
    "": {
      "dependencies": {
        "dplayer": "^1.26.0",
        "hls.js": "^0.14.17",
        "vue-i18n": "^8.22.2"
      }
    },
    "node_modules/axios": {
      "version": "0.19.2",
      "resolved": "https://registry.npm.taobao.org/axios/download/axios-0.19.2.tgz?cache=0&sync_timestamp=1608611162952&other_urls=https%3A%2F%2Fregistry.npm.taobao.org%2Faxios%2Fdownload%2Faxios-0.19.2.tgz",
      "integrity": "sha1-PqNsXYgY0NX4qKl6bTa4bNwAyyc=",
      "dependencies": {
        "follow-redirects": "1.5.10"
      }
    },
    "node_modules/balloon-css": {
      "version": "1.2.0",
      "resolved": "https://registry.npm.taobao.org/balloon-css/download/balloon-css-1.2.0.tgz",
      "integrity": "sha1-U9P7QFEmSieKWHE77WhlhF28r0s="
    },
    "node_modules/debug": {
      "version": "3.1.0",
      "resolved": "https://registry.npm.taobao.org/debug/download/debug-3.1.0.tgz?cache=0&sync_timestamp=1607566533140&other_urls=https%3A%2F%2Fregistry.npm.taobao.org%2Fdebug%2Fdownload%2Fdebug-3.1.0.tgz",
      "integrity": "sha1-W7WgZyYotkFJVmuhaBnmFRjGcmE=",
      "dependencies": {
        "ms": "2.0.0"
      }
    },
    "node_modules/dplayer": {
      "version": "1.26.0",
      "resolved": "https://registry.npm.taobao.org/dplayer/download/dplayer-1.26.0.tgz",
      "integrity": "sha1-02YgCxlivQnpEiYGbyqt6m81xxs=",
      "dependencies": {
        "axios": "0.19.2",
        "balloon-css": "^1.0.3",
        "promise-polyfill": "8.1.3"
      }
    },
    "node_modules/eventemitter3": {
      "version": "4.0.7",
      "resolved": "https://registry.npm.taobao.org/eventemitter3/download/eventemitter3-4.0.7.tgz?cache=0&sync_timestamp=1598517728928&other_urls=https%3A%2F%2Fregistry.npm.taobao.org%2Feventemitter3%2Fdownload%2Feventemitter3-4.0.7.tgz",
      "integrity": "sha1-Lem2j2Uo1WRO9cWVJqG0oHMGFp8="
    },
    "node_modules/follow-redirects": {
      "version": "1.5.10",
      "resolved": "https://registry.npm.taobao.org/follow-redirects/download/follow-redirects-1.5.10.tgz?cache=0&sync_timestamp=1607916886138&other_urls=https%3A%2F%2Fregistry.npm.taobao.org%2Ffollow-redirects%2Fdownload%2Ffollow-redirects-1.5.10.tgz",
      "integrity": "sha1-e3qfmuov3/NnhqlP9kPtB/T/Xio=",
      "dependencies": {
        "debug": "=3.1.0"
      },
      "engines": {
        "node": ">=4.0"
      }
    },
    "node_modules/hls.js": {
      "version": "0.14.17",
      "resolved": "https://registry.npm.taobao.org/hls.js/download/hls.js-0.14.17.tgz",
      "integrity": "sha1-ASfP8uwvmUpU65Vf5mnvYVOo4xc=",
      "dependencies": {
        "eventemitter3": "^4.0.3",
        "url-toolkit": "^2.1.6"
      }
    },
    "node_modules/ms": {
      "version": "2.0.0",
      "resolved": "https://registry.npm.taobao.org/ms/download/ms-2.0.0.tgz?cache=0&sync_timestamp=1607433842694&other_urls=https%3A%2F%2Fregistry.npm.taobao.org%2Fms%2Fdownload%2Fms-2.0.0.tgz",
      "integrity": "sha1-VgiurfwAvmwpAd9fmGF4jeDVl8g="
    },
    "node_modules/promise-polyfill": {
      "version": "8.1.3",
      "resolved": "https://registry.npm.taobao.org/promise-polyfill/download/promise-polyfill-8.1.3.tgz",
      "integrity": "sha1-jJmzz1PzqRxoIm/9573oHX+QQRY="
    },
    "node_modules/url-toolkit": {
      "version": "2.2.1",
      "resolved": "https://registry.npm.taobao.org/url-toolkit/download/url-toolkit-2.2.1.tgz",
      "integrity": "sha1-iQCe09YqNXTeB5UypyZsFNLMHE8="
    },
    "node_modules/vue-i18n": {
      "version": "8.22.2",
      "resolved": "https://registry.npm.taobao.org/vue-i18n/download/vue-i18n-8.22.2.tgz?cache=0&sync_timestamp=1608686506432&other_urls=https%3A%2F%2Fregistry.npm.taobao.org%2Fvue-i18n%2Fdownload%2Fvue-i18n-8.22.2.tgz",
      "integrity": "sha1-WCmaWgUOZ7T3mdlv7n3YvSaeCQc="
    }
  },
  "dependencies": {
    "axios": {
      "version": "0.19.2",
      "resolved": "https://registry.npm.taobao.org/axios/download/axios-0.19.2.tgz?cache=0&sync_timestamp=1608611162952&other_urls=https%3A%2F%2Fregistry.npm.taobao.org%2Faxios%2Fdownload%2Faxios-0.19.2.tgz",
      "integrity": "sha1-PqNsXYgY0NX4qKl6bTa4bNwAyyc=",
      "requires": {
        "follow-redirects": "1.5.10"
      }
    },
    "balloon-css": {
      "version": "1.2.0",
      "resolved": "https://registry.npm.taobao.org/balloon-css/download/balloon-css-1.2.0.tgz",
      "integrity": "sha1-U9P7QFEmSieKWHE77WhlhF28r0s="
    },
    "debug": {
      "version": "3.1.0",
      "resolved": "https://registry.npm.taobao.org/debug/download/debug-3.1.0.tgz?cache=0&sync_timestamp=1607566533140&other_urls=https%3A%2F%2Fregistry.npm.taobao.org%2Fdebug%2Fdownload%2Fdebug-3.1.0.tgz",
      "integrity": "sha1-W7WgZyYotkFJVmuhaBnmFRjGcmE=",
      "requires": {
        "ms": "2.0.0"
      }
    },
    "dplayer": {
      "version": "1.26.0",
      "resolved": "https://registry.npm.taobao.org/dplayer/download/dplayer-1.26.0.tgz",
      "integrity": "sha1-02YgCxlivQnpEiYGbyqt6m81xxs=",
      "requires": {
        "axios": "0.19.2",
        "balloon-css": "^1.0.3",
        "promise-polyfill": "8.1.3"
      }
    },
    "eventemitter3": {
      "version": "4.0.7",
      "resolved": "https://registry.npm.taobao.org/eventemitter3/download/eventemitter3-4.0.7.tgz?cache=0&sync_timestamp=1598517728928&other_urls=https%3A%2F%2Fregistry.npm.taobao.org%2Feventemitter3%2Fdownload%2Feventemitter3-4.0.7.tgz",
      "integrity": "sha1-Lem2j2Uo1WRO9cWVJqG0oHMGFp8="
    },
    "follow-redirects": {
      "version": "1.5.10",
      "resolved": "https://registry.npm.taobao.org/follow-redirects/download/follow-redirects-1.5.10.tgz?cache=0&sync_timestamp=1607916886138&other_urls=https%3A%2F%2Fregistry.npm.taobao.org%2Ffollow-redirects%2Fdownload%2Ffollow-redirects-1.5.10.tgz",
      "integrity": "sha1-e3qfmuov3/NnhqlP9kPtB/T/Xio=",
      "requires": {
        "debug": "=3.1.0"
      }
    },
    "hls.js": {
      "version": "0.14.17",
      "resolved": "https://registry.npm.taobao.org/hls.js/download/hls.js-0.14.17.tgz",
      "integrity": "sha1-ASfP8uwvmUpU65Vf5mnvYVOo4xc=",
      "requires": {
        "eventemitter3": "^4.0.3",
        "url-toolkit": "^2.1.6"
      }
    },
    "ms": {
      "version": "2.0.0",
      "resolved": "https://registry.npm.taobao.org/ms/download/ms-2.0.0.tgz?cache=0&sync_timestamp=1607433842694&other_urls=https%3A%2F%2Fregistry.npm.taobao.org%2Fms%2Fdownload%2Fms-2.0.0.tgz",
      "integrity": "sha1-VgiurfwAvmwpAd9fmGF4jeDVl8g="
    },
    "promise-polyfill": {
      "version": "8.1.3",
      "resolved": "https://registry.npm.taobao.org/promise-polyfill/download/promise-polyfill-8.1.3.tgz",
      "integrity": "sha1-jJmzz1PzqRxoIm/9573oHX+QQRY="
    },
    "url-toolkit": {
      "version": "2.2.1",
      "resolved": "https://registry.npm.taobao.org/url-toolkit/download/url-toolkit-2.2.1.tgz",
      "integrity": "sha1-iQCe09YqNXTeB5UypyZsFNLMHE8="
    },
    "vue-i18n": {
      "version": "8.22.2",
      "resolved": "https://registry.npm.taobao.org/vue-i18n/download/vue-i18n-8.22.2.tgz?cache=0&sync_timestamp=1608686506432&other_urls=https%3A%2F%2Fregistry.npm.taobao.org%2Fvue-i18n%2Fdownload%2Fvue-i18n-8.22.2.tgz",
      "integrity": "sha1-WCmaWgUOZ7T3mdlv7n3YvSaeCQc="
    }
  }
}
